// !$*UTF8*$!
{
	archiveVersion = 1;
	classes = {
	};
	objectVersion = 46;
	objects = {

/* Begin PBXBuildFile section */
		DDA07DA61D199D800052CD61 /* AppDelegate.swift in Sources */ = {isa = PBXBuildFile; fileRef = DDA07DA51D199D800052CD61 /* AppDelegate.swift */; };
		DDA07DA81D199D800052CD61 /* MainViewController.swift in Sources */ = {isa = PBXBuildFile; fileRef = DDA07DA71D199D800052CD61 /* MainViewController.swift */; };
		DDA07DAB1D199D800052CD61 /* Main.storyboard in Resources */ = {isa = PBXBuildFile; fileRef = DDA07DA91D199D800052CD61 /* Main.storyboard */; };
		DDA07DAD1D199D800052CD61 /* Assets.xcassets in Resources */ = {isa = PBXBuildFile; fileRef = DDA07DAC1D199D800052CD61 /* Assets.xcassets */; };
		DDA07DB01D199D800052CD61 /* LaunchScreen.storyboard in Resources */ = {isa = PBXBuildFile; fileRef = DDA07DAE1D199D800052CD61 /* LaunchScreen.storyboard */; };
		DDA07DB91D19A7E30052CD61 /* DataSource.plist in Resources */ = {isa = PBXBuildFile; fileRef = DDA07DB81D19A7E30052CD61 /* DataSource.plist */; };
		DDC1ED811D1BE5480039F2B8 /* ABDataSourceController.swift in Sources */ = {isa = PBXBuildFile; fileRef = DDC1ED801D1BE5480039F2B8 /* ABDataSourceController.swift */; };
/* End PBXBuildFile section */

/* Begin PBXFileReference section */
		DDA07DA21D199D800052CD61 /* SampleProject.app */ = {isa = PBXFileReference; explicitFileType = wrapper.application; includeInIndex = 0; path = SampleProject.app; sourceTree = BUILT_PRODUCTS_DIR; };
		DDA07DA51D199D800052CD61 /* AppDelegate.swift */ = {isa = PBXFileReference; lastKnownFileType = sourcecode.swift; path = AppDelegate.swift; sourceTree = "<group>"; };
		DDA07DA71D199D800052CD61 /* MainViewController.swift */ = {isa = PBXFileReference; lastKnownFileType = sourcecode.swift; path = MainViewController.swift; sourceTree = "<group>"; };
		DDA07DAA1D199D800052CD61 /* Base */ = {isa = PBXFileReference; lastKnownFileType = file.storyboard; name = Base; path = Base.lproj/Main.storyboard; sourceTree = "<group>"; };
		DDA07DAC1D199D800052CD61 /* Assets.xcassets */ = {isa = PBXFileReference; lastKnownFileType = folder.assetcatalog; path = Assets.xcassets; sourceTree = "<group>"; };
		DDA07DAF1D199D800052CD61 /* Base */ = {isa = PBXFileReference; lastKnownFileType = file.storyboard; name = Base; path = Base.lproj/LaunchScreen.storyboard; sourceTree = "<group>"; };
		DDA07DB11D199D800052CD61 /* Info.plist */ = {isa = PBXFileReference; lastKnownFileType = text.plist.xml; path = Info.plist; sourceTree = "<group>"; };
		DDA07DB81D19A7E30052CD61 /* DataSource.plist */ = {isa = PBXFileReference; fileEncoding = 4; lastKnownFileType = text.plist.xml; path = DataSource.plist; sourceTree = "<group>"; };
		DDC1ED801D1BE5480039F2B8 /* ABDataSourceController.swift */ = {isa = PBXFileReference; fileEncoding = 4; lastKnownFileType = sourcecode.swift; name = ABDataSourceController.swift; path = ../../ABDataSourceController/swift/ABDataSourceController.swift; sourceTree = "<group>"; };
/* End PBXFileReference section */

/* Begin PBXFrameworksBuildPhase section */
		DDA07D9F1D199D800052CD61 /* Frameworks */ = {
			isa = PBXFrameworksBuildPhase;
			buildActionMask = 2147483647;
			files = (
			);
			runOnlyForDeploymentPostprocessing = 0;
		};
/* End PBXFrameworksBuildPhase section */

/* Begin PBXGroup section */
		DDA07D991D199D800052CD61 = {
			isa = PBXGroup;
			children = (
				DDA07DA41D199D800052CD61 /* SampleProject */,
				DDC1ED7F1D1BE5300039F2B8 /* ABDataSourceController */,
				DDA07DA31D199D800052CD61 /* Products */,
			);
			sourceTree = "<group>";
		};
		DDA07DA31D199D800052CD61 /* Products */ = {
			isa = PBXGroup;
			children = (
				DDA07DA21D199D800052CD61 /* SampleProject.app */,
			);
			name = Products;
			sourceTree = "<group>";
		};
		DDA07DA41D199D800052CD61 /* SampleProject */ = {
			isa = PBXGroup;
			children = (
				DDA07DA51D199D800052CD61 /* AppDelegate.swift */,
				DDA07DA71D199D800052CD61 /* MainViewController.swift */,
				DDA07DA91D199D800052CD61 /* Main.storyboard */,
				DDA07DAC1D199D800052CD61 /* Assets.xcassets */,
				DDA07DAE1D199D800052CD61 /* LaunchScreen.storyboard */,
				DDA07DB11D199D800052CD61 /* Info.plist */,
				DDA07DB71D19A7D10052CD61 /* SupportingFiles */,
			);
			path = SampleProject;
			sourceTree = "<group>";
		};
		DDA07DB71D19A7D10052CD61 /* SupportingFiles */ = {
			isa = PBXGroup;
			children = (
				DDA07DB81D19A7E30052CD61 /* DataSource.plist */,
			);
			name = SupportingFiles;
			sourceTree = "<group>";
		};
		DDC1ED7F1D1BE5300039F2B8 /* ABDataSourceController */ = {
			isa = PBXGroup;
			children = (
				DDC1ED801D1BE5480039F2B8 /* ABDataSourceController.swift */,
			);
			name = ABDataSourceController;
			sourceTree = "<group>";
		};
/* End PBXGroup section */

/* Begin PBXNativeTarget section */
		DDA07DA11D199D800052CD61 /* SampleProject */ = {
			isa = PBXNativeTarget;
			buildConfigurationList = DDA07DB41D199D800052CD61 /* Build configuration list for PBXNativeTarget "SampleProject" */;
			buildPhases = (
				DDA07D9E1D199D800052CD61 /* Sources */,
				DDA07D9F1D199D800052CD61 /* Frameworks */,
				DDA07DA01D199D800052CD61 /* Resources */,
			);
			buildRules = (
			);
			dependencies = (
			);
			name = SampleProject;
			productName = SampleProject;
			productReference = DDA07DA21D199D800052CD61 /* SampleProject.app */;
			productType = "com.apple.product-type.application";
		};
/* End PBXNativeTarget section */

/* Begin PBXProject section */
		DDA07D9A1D199D800052CD61 /* Project object */ = {
			isa = PBXProject;
			attributes = {
				LastSwiftUpdateCheck = 0720;
				LastUpgradeCheck = 0720;
				ORGANIZATIONNAME = "Alex Bumbu";
				TargetAttributes = {
					DDA07DA11D199D800052CD61 = {
						CreatedOnToolsVersion = 7.2;
					};
				};
			};
			buildConfigurationList = DDA07D9D1D199D800052CD61 /* Build configuration list for PBXProject "SampleProject" */;
			compatibilityVersion = "Xcode 3.2";
			developmentRegion = English;
			hasScannedForEncodings = 0;
			knownRegions = (
				en,
				Base,
			);
			mainGroup = DDA07D991D199D800052CD61;
			productRefGroup = DDA07DA31D199D800052CD61 /* Products */;
			projectDirPath = "";
			projectRoot = "";
			targets = (
				DDA07DA11D199D800052CD61 /* SampleProject */,
			);
		};
/* End PBXProject section */

/* Begin PBXResourcesBuildPhase section */
		DDA07DA01D199D800052CD61 /* Resources */ = {
			isa = PBXResourcesBuildPhase;
			buildActionMask = 2147483647;
			files = (
				DDA07DB01D199D800052CD61 /* LaunchScreen.storyboard in Resources */,
				DDA07DB91D19A7E30052CD61 /* DataSource.plist in Resources */,
				DDA07DAD1D199D800052CD61 /* Assets.xcassets in Resources */,
				DDA07DAB1D199D800052CD61 /* Main.storyboard in Resources */,
			);
			runOnlyForDeploymentPostprocessing = 0;
		};
/* End PBXResourcesBuildPhase section */

/* Begin PBXSourcesBuildPhase section */
		DDA07D9E1D199D800052CD61 /* Sources */ = {
			isa = PBXSourcesBuildPhase;
			buildActionMask = 2147483647;
			files = (
				DDA07DA81D199D800052CD61 /* MainViewController.swift in Sources */,
				DDA07DA61D199D800052CD61 /* AppDelegate.swift in Sources */,
				DDC1ED811D1BE5480039F2B8 /* ABDataSourceController.swift in Sources */,
			);
			runOnlyForDeploymentPostprocessing = 0;
		};
/* End PBXSourcesBuildPhase section */

/* Begin PBXVariantGroup section */
		DDA07DA91D199D800052CD61 /* Main.storyboard */ = {
			isa = PBXVariantGroup;
			children = (
				DDA07DAA1D199D800052CD61 /* Base */,
			);
			name = Main.storyboard;
			sourceTree = "<group>";
		};
		DDA07DAE1D199D800052CD61 /* LaunchScreen.storyboard */ = {
			isa = PBXVariantGroup;
			children = (
				DDA07DAF1D199D800052CD61 /* Base */,
			);
			name = LaunchScreen.storyboard;
			sourceTree = "<group>";
		};
/* End PBXVariantGroup section */

/* Begin XCBuildConfiguration section */
		DDA07DB21D199D800052CD61 /* Debug */ = {
			isa = XCBuildConfiguration;
			buildSettings = {
				ALWAYS_SEARCH_USER_PATHS = NO;
				CLANG_CXX_LANGUAGE_STANDARD = "gnu++0x";
				CLANG_CXX_LIBRARY = "libc++";
				CLANG_ENABLE_MODULES = YES;
				CLANG_ENABLE_OBJC_ARC = YES;
				CLANG_WARN_BOOL_CONVERSION = YES;
				CLANG_WARN_CONSTANT_CONVERSION = YES;
				CLANG_WARN_DIRECT_OBJC_ISA_USAGE = YES_ERROR;
				CLANG_WARN_EMPTY_BODY = YES;
				CLANG_WARN_ENUM_CONVERSION = YES;
				CLANG_WARN_INT_CONVERSION = YES;
				CLANG_WARN_OBJC_ROOT_CLASS = YES_ERROR;
				CLANG_WARN_UNREACHABLE_CODE = YES;
				CLANG_WARN__DUPLICATE_METHOD_MATCH = YES;
				"CODE_SIGN_IDENTITY[sdk=iphoneos*]" = "iPhone Developer";
				COPY_PHASE_STRIP = NO;
				DEBUG_INFORMATION_FORMAT = dwarf;
				ENABLE_STRICT_OBJC_MSGSEND = YES;
				ENABLE_TESTABILITY = YES;
				GCC_C_LANGUAGE_STANDARD = gnu99;
				GCC_DYNAMIC_NO_PIC = NO;
				GCC_NO_COMMON_BLOCKS = YES;
				GCC_OPTIMIZATION_LEVEL = 0;
				GCC_PREPROCESSOR_DEFINITIONS = (
					"DEBUG=1",
					"$(inherited)",
				);
				GCC_WARN_64_TO_32_BIT_CONVERSION = YES;
				GCC_WARN_ABOUT_RETURN_TYPE = YES_ERROR;
				GCC_WARN_UNDECLARED_SELECTOR = YES;
				GCC_WARN_UNINITIALIZED_AUTOS = YES_AGGRESSIVE;
				GCC_WARN_UNUSED_FUNCTION = YES;
				GCC_WARN_UNUSED_VARIABLE = YES;
				IPHONEOS_DEPLOYMENT_TARGET = 9.2;
				MTL_ENABLE_DEBUG_INFO = YES;
				ONLY_ACTIVE_ARCH = YES;
				SDKROOT = iphoneos;
				SWIFT_OPTIMIZATION_LEVEL = "-Onone";
			};
			name = Debug;
		};
		DDA07DB31D199D800052CD61 /* Release */ = {
			isa = XCBuildConfiguration;
			buildSettings = {
				ALWAYS_SEARCH_USER_PATHS = NO;
				CLANG_CXX_LANGUAGE_STANDARD = "gnu++0x";
				CLANG_CXX_LIBRARY = "libc++";
				CLANG_ENABLE_MODULES = YES;
				CLANG_ENABLE_OBJC_ARC = YES;
				CLANG_WARN_BOOL_CONVERSION = YES;
				CLANG_WARN_CONSTANT_CONVERSION = YES;
				CLANG_WARN_DIRECT_OBJC_ISA_USAGE = YES_ERROR;
				CLANG_WARN_EMPTY_BODY = YES;
				CLANG_WARN_ENUM_CONVERSION = YES;
				CLANG_WARN_INT_CONVERSION = YES;
				CLANG_WARN_OBJC_ROOT_CLASS = YES_ERROR;
				CLANG_WARN_UNREACHABLE_CODE = YES;
				CLANG_WARN__DUPLICATE_METHOD_MATCH = YES;
				"CODE_SIGN_IDENTITY[sdk=iphoneos*]" = "iPhone Developer";
				COPY_PHASE_STRIP = NO;
				DEBUG_INFORMATION_FORMAT = "dwarf-with-dsym";
				ENABLE_NS_ASSERTIONS = NO;
				ENABLE_STRICT_OBJC_MSGSEND = YES;
				GCC_C_LANGUAGE_STANDARD = gnu99;
				GCC_NO_COMMON_BLOCKS = YES;
				GCC_WARN_64_TO_32_BIT_CONVERSION = YES;
				GCC_WARN_ABOUT_RETURN_TYPE = YES_ERROR;
				GCC_WARN_UNDECLARED_SELECTOR = YES;
				GCC_WARN_UNINITIALIZED_AUTOS = YES_AGGRESSIVE;
				GCC_WARN_UNUSED_FUNCTION = YES;
				GCC_WARN_UNUSED_VARIABLE = YES;
				IPHONEOS_DEPLOYMENT_TARGET = 9.2;
				MTL_ENABLE_DEBUG_INFO = NO;
				SDKROOT = iphoneos;
				VALIDATE_PRODUCT = YES;
			};
			name = Release;
		};
		DDA07DB51D199D800052CD61 /* Debug */ = {
			isa = XCBuildConfiguration;
			buildSettings = {
				ASSETCATALOG_COMPILER_APPICON_NAME = AppIcon;
				INFOPLIST_FILE = SampleProject/Info.plist;
				IPHONEOS_DEPLOYMENT_TARGET = 8.0;
				LD_RUNPATH_SEARCH_PATHS = "$(inherited) @executable_path/Frameworks";
				PRODUCT_BUNDLE_IDENTIFIER = com.alexbumbu.SampleProject;
				PRODUCT_NAME = "$(TARGET_NAME)";
			};
			name = Debug;
		};
		DDA07DB61D199D800052CD61 /* Release */ = {
			isa = XCBuildConfiguration;
			buildSettings = {
				ASSETCATALOG_COMPILER_APPICON_NAME = AppIcon;
				INFOPLIST_FILE = SampleProject/Info.plist;
				IPHONEOS_DEPLOYMENT_TARGET = 8.0;
				LD_RUNPATH_SEARCH_PATHS = "$(inherited) @executable_path/Frameworks";
				PRODUCT_BUNDLE_IDENTIFIER = com.alexbumbu.SampleProject;
				PRODUCT_NAME = "$(TARGET_NAME)";
			};
			name = Release;
		};
/* End XCBuildConfiguration section */

/* Begin XCConfigurationList section */
		DDA07D9D1D199D800052CD61 /* Build configuration list for PBXProject "SampleProject" */ = {
			isa = XCConfigurationList;
			buildConfigurations = (
				DDA07DB21D199D800052CD61 /* Debug */,
				DDA07DB31D199D800052CD61 /* Release */,
			);
			defaultConfigurationIsVisible = 0;
			defaultConfigurationName = Release;
		};
		DDA07DB41D199D800052CD61 /* Build configuration list for PBXNativeTarget "SampleProject" */ = {
			isa = XCConfigurationList;
			buildConfigurations = (
				DDA07DB51D199D800052CD61 /* Debug */,
				DDA07DB61D199D800052CD61 /* Release */,
			);
			defaultConfigurationIsVisible = 0;
			defaultConfigurationName = Release;
		};
/* End XCConfigurationList section */
	};
	rootObject = DDA07D9A1D199D800052CD61 /* Project object */;
}
